
Microsoft Visual Studio Solution File, Format Version 12.00
# Visual Studio Version 16
VisualStudioVersion = 16.0.30204.135
MinimumVisualStudioVersion = 10.0.40219.1
Project("{FAE04EC0-301F-11D3-BF4B-00C04F79EFBC}") = "Calculator", "Calculator.csproj", "{7B4D1771-4D04-48EF-B4CE-3EF217A2909D}"
EndProject
Global
	GlobalSection(SolutionConfigurationPlatforms) = preSolution
		Debug|Any CPU = Debug|Any CPU
		Release|Any CPU = Release|Any CPU
	EndGlobalSection
	GlobalSection(ProjectConfigurationPlatforms) = postSolution
		{7B4D1771-4D04-48EF-B4CE-3EF217A2909D}.Debug|Any CPU.ActiveCfg = Debug|Any CPU
		{7B4D1771-4D04-48EF-B4CE-3EF217A2909D}.Debug|Any CPU.Build.0 = Debug|Any CPU
		{7B4D1771-4D04-48EF-B4CE-3EF217A2909D}.Release|Any CPU.ActiveCfg = Release|Any CPU
		{7B4D1771-4D04-48EF-B4CE-3EF217A2909D}.Release|Any CPU.Build.0 = Release|Any CPU
	EndGlobalSection
	GlobalSection(SolutionProperties) = preSolution
		HideSolutionNode = FALSE
	EndGlobalSection
	GlobalSection(ExtensibilityGlobals) = postSolution
		SolutionGuid = {81148449-9FC0-464E-B41B-28101EFCA0FD}
	EndGlobalSection
EndGlobal
